github.com/goccy/go-reflect v1.2.0 h1:O0T8rZCuNmGXewnATuKYnkL0xm6o8UNOJZd/gOkb9ms=
github.com/goccy/go-reflect v1.2.0/go.mod h1:n0oYZn8VcV2CkWTxi8B9QjkCoq6GTtCEdfmR66YhFtE=
tlog.app/go/loc v0.7.0 h1:G7JnaqgggmTwu87hhMsy+tLd4XxwOS9PPYfJEDTr+Kk=
tlog.app/go/loc v0.7.0/go.mod h1:j4SIBNrXEK6Hqy/smwt3oRrHfMoSDI6Kg/Jf0GUHWCI=
